
Microsoft Visual Studio Solution File, Format Version 12.00
# Visual Studio Express 15 for Windows Desktop
VisualStudioVersion = 15.0.27703.2042
MinimumVisualStudioVersion = 10.0.40219.1
Project("{FAE04EC0-301F-11D3-BF4B-00C04F79EFBC}") = "Motion_Interface", "MotionInterface\Motion_Interface.csproj", "{356120AA-6347-47D1-B1DB-9946671BE15D}"
EndProject
Project("{FAE04EC0-301F-11D3-BF4B-00C04F79EFBC}") = "MotionAxl(3123)", "MotionAxl(3123)\MotionAxl(3123).csproj", "{4958116F-2F73-4CB2-BAE4-A6D820750B79}"
EndProject
Project("{FAE04EC0-301F-11D3-BF4B-00C04F79EFBC}") = "MotionEmcl(20160721)", "MotionEmcl(20160721)\MotionEmcl(20160721).csproj", "{EB9BFC65-36C9-4ACE-9DCB-58213E3886FC}"
EndProject
Project("{FAE04EC0-301F-11D3-BF4B-00C04F79EFBC}") = "MotionNmc2(20141104)", "MotionNmc2(20141104)\MotionNmc2(20141104).csproj", "{0C22C702-C104-4121-B9D3-D13402B6149F}"
EndProject
Project("{FAE04EC0-301F-11D3-BF4B-00C04F79EFBC}") = "SMDll2", "SMDll2\SMDll2.csproj", "{1A820AE0-7242-4398-B295-0963557F1F7A}"
	ProjectSection(ProjectDependencies) = postProject
		{EB9BFC65-36C9-4ACE-9DCB-58213E3886FC} = {EB9BFC65-36C9-4ACE-9DCB-58213E3886FC}
	EndProjectSection
EndProject
Project("{FAE04EC0-301F-11D3-BF4B-00C04F79EFBC}") = "ZMachine", "ZMachine\ZMachine.csproj", "{46104932-7A3F-4428-BACD-7434A53B8A55}"
EndProject
Project("{FAE04EC0-301F-11D3-BF4B-00C04F79EFBC}") = "Common", "Common\Common.csproj", "{515F844E-994D-4C94-9E46-22F94026A3FF}"
EndProject
Project("{FAE04EC0-301F-11D3-BF4B-00C04F79EFBC}") = "MotionJuni(20160929)", "MotionJuni(20160929)\MotionJuni(20160929).csproj", "{C642DF94-DED6-404F-98F7-6F95C018FAD8}"
EndProject
Global
	GlobalSection(SolutionConfigurationPlatforms) = preSolution
		Debug|Any CPU = Debug|Any CPU
		Release|Any CPU = Release|Any CPU
	EndGlobalSection
	GlobalSection(ProjectConfigurationPlatforms) = postSolution
		{356120AA-6347-47D1-B1DB-9946671BE15D}.Debug|Any CPU.ActiveCfg = Debug|Any CPU
		{356120AA-6347-47D1-B1DB-9946671BE15D}.Debug|Any CPU.Build.0 = Debug|Any CPU
		{356120AA-6347-47D1-B1DB-9946671BE15D}.Release|Any CPU.ActiveCfg = Release|Any CPU
		{356120AA-6347-47D1-B1DB-9946671BE15D}.Release|Any CPU.Build.0 = Release|Any CPU
		{4958116F-2F73-4CB2-BAE4-A6D820750B79}.Debug|Any CPU.ActiveCfg = Debug|Any CPU
		{4958116F-2F73-4CB2-BAE4-A6D820750B79}.Debug|Any CPU.Build.0 = Debug|Any CPU
		{4958116F-2F73-4CB2-BAE4-A6D820750B79}.Release|Any CPU.ActiveCfg = Release|Any CPU
		{4958116F-2F73-4CB2-BAE4-A6D820750B79}.Release|Any CPU.Build.0 = Release|Any CPU
		{EB9BFC65-36C9-4ACE-9DCB-58213E3886FC}.Debug|Any CPU.ActiveCfg = Debug|Any CPU
		{EB9BFC65-36C9-4ACE-9DCB-58213E3886FC}.Debug|Any CPU.Build.0 = Debug|Any CPU
		{EB9BFC65-36C9-4ACE-9DCB-58213E3886FC}.Release|Any CPU.ActiveCfg = Release|Any CPU
		{EB9BFC65-36C9-4ACE-9DCB-58213E3886FC}.Release|Any CPU.Build.0 = Release|Any CPU
		{0C22C702-C104-4121-B9D3-D13402B6149F}.Debug|Any CPU.ActiveCfg = Debug|Any CPU
		{0C22C702-C104-4121-B9D3-D13402B6149F}.Debug|Any CPU.Build.0 = Debug|Any CPU
		{0C22C702-C104-4121-B9D3-D13402B6149F}.Release|Any CPU.ActiveCfg = Release|Any CPU
		{0C22C702-C104-4121-B9D3-D13402B6149F}.Release|Any CPU.Build.0 = Release|Any CPU
		{1A820AE0-7242-4398-B295-0963557F1F7A}.Debug|Any CPU.ActiveCfg = Debug|Any CPU
		{1A820AE0-7242-4398-B295-0963557F1F7A}.Debug|Any CPU.Build.0 = Debug|Any CPU
		{1A820AE0-7242-4398-B295-0963557F1F7A}.Release|Any CPU.ActiveCfg = Release|Any CPU
		{1A820AE0-7242-4398-B295-0963557F1F7A}.Release|Any CPU.Build.0 = Release|Any CPU
		{46104932-7A3F-4428-BACD-7434A53B8A55}.Debug|Any CPU.ActiveCfg = Debug|Any CPU
		{46104932-7A3F-4428-BACD-7434A53B8A55}.Debug|Any CPU.Build.0 = Debug|Any CPU
		{46104932-7A3F-4428-BACD-7434A53B8A55}.Release|Any CPU.ActiveCfg = Release|Any CPU
		{46104932-7A3F-4428-BACD-7434A53B8A55}.Release|Any CPU.Build.0 = Release|Any CPU
		{515F844E-994D-4C94-9E46-22F94026A3FF}.Debug|Any CPU.ActiveCfg = Debug|Any CPU
		{515F844E-994D-4C94-9E46-22F94026A3FF}.Debug|Any CPU.Build.0 = Debug|Any CPU
		{515F844E-994D-4C94-9E46-22F94026A3FF}.Release|Any CPU.ActiveCfg = Release|Any CPU
		{515F844E-994D-4C94-9E46-22F94026A3FF}.Release|Any CPU.Build.0 = Release|Any CPU
		{C642DF94-DED6-404F-98F7-6F95C018FAD8}.Debug|Any CPU.ActiveCfg = Debug|Any CPU
		{C642DF94-DED6-404F-98F7-6F95C018FAD8}.Debug|Any CPU.Build.0 = Debug|Any CPU
		{C642DF94-DED6-404F-98F7-6F95C018FAD8}.Release|Any CPU.ActiveCfg = Release|Any CPU
		{C642DF94-DED6-404F-98F7-6F95C018FAD8}.Release|Any CPU.Build.0 = Release|Any CPU
	EndGlobalSection
	GlobalSection(SolutionProperties) = preSolution
		HideSolutionNode = FALSE
	EndGlobalSection
	GlobalSection(ExtensibilityGlobals) = postSolution
		SolutionGuid = {7B0C5DE2-5248-4890-9335-3EA28D952C79}
	EndGlobalSection
	GlobalSection(TeamFoundationVersionControl) = preSolution
		SccNumberOfProjects = 9
		SccEnterpriseProvider = {4CA58AB2-18FA-4F8D-95D4-32DDF27D184C}
		SccTeamFoundationServer = https://flea80.visualstudio.com/
		SccLocalPath0 = .
		SccProjectUniqueName1 = Common\\Common.csproj
		SccProjectName1 = Common
		SccLocalPath1 = Common
		SccProjectUniqueName2 = MotionAxl(3123)\\MotionAxl(3123).csproj
		SccProjectName2 = MotionAxl(3123)
		SccLocalPath2 = MotionAxl(3123)
		SccProjectUniqueName3 = MotionEmcl(20160721)\\MotionEmcl(20160721).csproj
		SccProjectName3 = MotionEmcl(20160721)
		SccLocalPath3 = MotionEmcl(20160721)
		SccProjectUniqueName4 = MotionInterface\\Motion_Interface.csproj
		SccProjectName4 = MotionInterface
		SccLocalPath4 = MotionInterface
		SccProjectUniqueName5 = MotionJuni(20160929)\\MotionJuni(20160929).csproj
		SccProjectName5 = MotionJuni(20160929)
		SccLocalPath5 = MotionJuni(20160929)
		SccProjectUniqueName6 = MotionNmc2(20141104)\\MotionNmc2(20141104).csproj
		SccProjectName6 = MotionNmc2(20141104)
		SccLocalPath6 = MotionNmc2(20141104)
		SccProjectUniqueName7 = SMDll2\\SMDll2.csproj
		SccProjectName7 = SMDll2
		SccLocalPath7 = SMDll2
		SccProjectUniqueName8 = ZMachine\\ZMachine.csproj
		SccProjectName8 = ZMachine
		SccLocalPath8 = ZMachine
	EndGlobalSection
EndGlobal
