
Microsoft Visual Studio Solution File, Format Version 12.00
# Visual Studio Express 15 for Windows Desktop
VisualStudioVersion = 15.0.28010.2016
MinimumVisualStudioVersion = 10.0.40219.1
Project("{FAE04EC0-301F-11D3-BF4B-00C04F79EFBC}") = "Wpfcscs", "Wpfccss\Wpfcscs.csproj", "{EB5A2921-191E-4F29-AACF-7AB59B54BC59}"
EndProject
Project("{2150E333-8FDC-42A3-9474-1A3956D46DE8}") = "Solution Items", "Solution Items", "{A3FF9038-BBCB-4788-9256-DF601175189B}"
EndProject
Global
	GlobalSection(SolutionConfigurationPlatforms) = preSolution
		Debug|Any CPU = Debug|Any CPU
		Release|Any CPU = Release|Any CPU
	EndGlobalSection
	GlobalSection(ProjectConfigurationPlatforms) = postSolution
		{EB5A2921-191E-4F29-AACF-7AB59B54BC59}.Debug|Any CPU.ActiveCfg = Debug|Any CPU
		{EB5A2921-191E-4F29-AACF-7AB59B54BC59}.Debug|Any CPU.Build.0 = Debug|Any CPU
		{EB5A2921-191E-4F29-AACF-7AB59B54BC59}.Release|Any CPU.ActiveCfg = Release|Any CPU
		{EB5A2921-191E-4F29-AACF-7AB59B54BC59}.Release|Any CPU.Build.0 = Release|Any CPU
	EndGlobalSection
	GlobalSection(SolutionProperties) = preSolution
		HideSolutionNode = FALSE
	EndGlobalSection
	GlobalSection(ExtensibilityGlobals) = postSolution
		SolutionGuid = {84A8879B-FED0-4357-A65A-707FE357DB40}
	EndGlobalSection
	GlobalSection(TeamFoundationVersionControl) = preSolution
		SccNumberOfProjects = 2
		SccEnterpriseProvider = {4CA58AB2-18FA-4F8D-95D4-32DDF27D184C}
		SccTeamFoundationServer = https://flea80.visualstudio.com/
		SccLocalPath0 = .
		SccProjectUniqueName1 = Wpfccss\\Wpfcscs.csproj
		SccProjectName1 = Wpfccss
		SccLocalPath1 = Wpfccss
	EndGlobalSection
EndGlobal
