
Microsoft Visual Studio Solution File, Format Version 12.00
# Visual Studio Express 15 for Windows Desktop
VisualStudioVersion = 15.0.27703.2000
MinimumVisualStudioVersion = 10.0.40219.1
Project("{FAE04EC0-301F-11D3-BF4B-00C04F79EFBC}") = "ZMachine", "ZMachine\ZMachine.csproj", "{46104932-7A3F-4428-BACD-7434A53B8A55}"
EndProject
Project("{FAE04EC0-301F-11D3-BF4B-00C04F79EFBC}") = "Common", "Common\Common.csproj", "{515F844E-994D-4C94-9E46-22F94026A3FF}"
EndProject
Project("{FAE04EC0-301F-11D3-BF4B-00C04F79EFBC}") = "SML", "SML\SML.csproj", "{1A820AE0-7242-4398-B295-0963557F1F7A}"
EndProject
Project("{2150E333-8FDC-42A3-9474-1A3956D46DE8}") = "Doc", "Doc", "{577B899A-5DBB-41A3-96BC-645C6E1B752D}"
	ProjectSection(SolutionItems) = preProject
		Doc\ReadMe.txt = Doc\ReadMe.txt
	EndProjectSection
EndProject
Project("{FAE04EC0-301F-11D3-BF4B-00C04F79EFBC}") = "Installer", "Installer\Installer.csproj", "{D496B753-C30E-45B8-9984-E99BF033014A}"
EndProject
Global
	GlobalSection(SolutionConfigurationPlatforms) = preSolution
		Debug|Any CPU = Debug|Any CPU
		Debug|x64 = Debug|x64
		Debug|x86 = Debug|x86
		Release|Any CPU = Release|Any CPU
		Release|x64 = Release|x64
		Release|x86 = Release|x86
	EndGlobalSection
	GlobalSection(ProjectConfigurationPlatforms) = postSolution
		{46104932-7A3F-4428-BACD-7434A53B8A55}.Debug|Any CPU.ActiveCfg = Debug|Any CPU
		{46104932-7A3F-4428-BACD-7434A53B8A55}.Debug|Any CPU.Build.0 = Debug|Any CPU
		{46104932-7A3F-4428-BACD-7434A53B8A55}.Debug|x64.ActiveCfg = Debug|x64
		{46104932-7A3F-4428-BACD-7434A53B8A55}.Debug|x64.Build.0 = Debug|x64
		{46104932-7A3F-4428-BACD-7434A53B8A55}.Debug|x86.ActiveCfg = Debug|x86
		{46104932-7A3F-4428-BACD-7434A53B8A55}.Debug|x86.Build.0 = Debug|x86
		{46104932-7A3F-4428-BACD-7434A53B8A55}.Release|Any CPU.ActiveCfg = Release|Any CPU
		{46104932-7A3F-4428-BACD-7434A53B8A55}.Release|Any CPU.Build.0 = Release|Any CPU
		{46104932-7A3F-4428-BACD-7434A53B8A55}.Release|x64.ActiveCfg = Release|x64
		{46104932-7A3F-4428-BACD-7434A53B8A55}.Release|x64.Build.0 = Release|x64
		{46104932-7A3F-4428-BACD-7434A53B8A55}.Release|x86.ActiveCfg = Release|x86
		{46104932-7A3F-4428-BACD-7434A53B8A55}.Release|x86.Build.0 = Release|x86
		{515F844E-994D-4C94-9E46-22F94026A3FF}.Debug|Any CPU.ActiveCfg = Debug|Any CPU
		{515F844E-994D-4C94-9E46-22F94026A3FF}.Debug|Any CPU.Build.0 = Debug|Any CPU
		{515F844E-994D-4C94-9E46-22F94026A3FF}.Debug|x64.ActiveCfg = Debug|x64
		{515F844E-994D-4C94-9E46-22F94026A3FF}.Debug|x64.Build.0 = Debug|x64
		{515F844E-994D-4C94-9E46-22F94026A3FF}.Debug|x86.ActiveCfg = Debug|x86
		{515F844E-994D-4C94-9E46-22F94026A3FF}.Debug|x86.Build.0 = Debug|x86
		{515F844E-994D-4C94-9E46-22F94026A3FF}.Release|Any CPU.ActiveCfg = Release|Any CPU
		{515F844E-994D-4C94-9E46-22F94026A3FF}.Release|Any CPU.Build.0 = Release|Any CPU
		{515F844E-994D-4C94-9E46-22F94026A3FF}.Release|x64.ActiveCfg = Release|x64
		{515F844E-994D-4C94-9E46-22F94026A3FF}.Release|x64.Build.0 = Release|x64
		{515F844E-994D-4C94-9E46-22F94026A3FF}.Release|x86.ActiveCfg = Release|x86
		{515F844E-994D-4C94-9E46-22F94026A3FF}.Release|x86.Build.0 = Release|x86
		{1A820AE0-7242-4398-B295-0963557F1F7A}.Debug|Any CPU.ActiveCfg = Debug|Any CPU
		{1A820AE0-7242-4398-B295-0963557F1F7A}.Debug|Any CPU.Build.0 = Debug|Any CPU
		{1A820AE0-7242-4398-B295-0963557F1F7A}.Debug|x64.ActiveCfg = Debug|x64
		{1A820AE0-7242-4398-B295-0963557F1F7A}.Debug|x64.Build.0 = Debug|x64
		{1A820AE0-7242-4398-B295-0963557F1F7A}.Debug|x86.ActiveCfg = Debug|x86
		{1A820AE0-7242-4398-B295-0963557F1F7A}.Debug|x86.Build.0 = Debug|x86
		{1A820AE0-7242-4398-B295-0963557F1F7A}.Release|Any CPU.ActiveCfg = Release|Any CPU
		{1A820AE0-7242-4398-B295-0963557F1F7A}.Release|Any CPU.Build.0 = Release|Any CPU
		{1A820AE0-7242-4398-B295-0963557F1F7A}.Release|x64.ActiveCfg = Release|x64
		{1A820AE0-7242-4398-B295-0963557F1F7A}.Release|x64.Build.0 = Release|x64
		{1A820AE0-7242-4398-B295-0963557F1F7A}.Release|x86.ActiveCfg = Release|x86
		{1A820AE0-7242-4398-B295-0963557F1F7A}.Release|x86.Build.0 = Release|x86
		{D496B753-C30E-45B8-9984-E99BF033014A}.Debug|Any CPU.ActiveCfg = Debug|Any CPU
		{D496B753-C30E-45B8-9984-E99BF033014A}.Debug|x64.ActiveCfg = Debug|Any CPU
		{D496B753-C30E-45B8-9984-E99BF033014A}.Debug|x86.ActiveCfg = Debug|Any CPU
		{D496B753-C30E-45B8-9984-E99BF033014A}.Release|Any CPU.ActiveCfg = Release|Any CPU
		{D496B753-C30E-45B8-9984-E99BF033014A}.Release|x64.ActiveCfg = Release|Any CPU
		{D496B753-C30E-45B8-9984-E99BF033014A}.Release|x64.Build.0 = Release|Any CPU
		{D496B753-C30E-45B8-9984-E99BF033014A}.Release|x86.ActiveCfg = Release|Any CPU
		{D496B753-C30E-45B8-9984-E99BF033014A}.Release|x86.Build.0 = Release|Any CPU
	EndGlobalSection
	GlobalSection(SolutionProperties) = preSolution
		HideSolutionNode = FALSE
	EndGlobalSection
	GlobalSection(ExtensibilityGlobals) = postSolution
		SolutionGuid = {D3037178-F758-47B3-8153-0FC355283AD2}
	EndGlobalSection
	GlobalSection(TeamFoundationVersionControl) = preSolution
		SccNumberOfProjects = 5
		SccEnterpriseProvider = {4CA58AB2-18FA-4F8D-95D4-32DDF27D184C}
		SccTeamFoundationServer = https://flea80.visualstudio.com/
		SccLocalPath0 = .
		SccProjectUniqueName1 = Common\\Common.csproj
		SccProjectName1 = Common
		SccLocalPath1 = Common
		SccProjectUniqueName2 = Installer\\Installer.csproj
		SccProjectName2 = Installer
		SccLocalPath2 = Installer
		SccProjectUniqueName3 = SML\\SML.csproj
		SccProjectName3 = SML
		SccLocalPath3 = SML
		SccProjectUniqueName4 = ZMachine\\ZMachine.csproj
		SccProjectName4 = ZMachine
		SccLocalPath4 = ZMachine
	EndGlobalSection
EndGlobal
